
Microsoft Visual Studio Solution File, Format Version 12.00
# Visual Studio Version 17
VisualStudioVersion = 17.2.32630.192
MinimumVisualStudioVersion = 10.0.40219.1
Project("{9A19103F-16F7-4668-BE54-9A1E7A4F7556}") = "task2", "05_lesson\task2.csproj", "{B2C0BE04-3E90-483A-ADC3-262E976DA04E}"
EndProject
Project("{FAE04EC0-301F-11D3-BF4B-00C04F79EFBC}") = "task1", "task1\task1.csproj", "{0A27853A-F6B4-476F-918B-558D44F15371}"
EndProject
Global
	GlobalSection(SolutionConfigurationPlatforms) = preSolution
		Debug|Any CPU = Debug|Any CPU
		Release|Any CPU = Release|Any CPU
	EndGlobalSection
	GlobalSection(ProjectConfigurationPlatforms) = postSolution
		{B2C0BE04-3E90-483A-ADC3-262E976DA04E}.Debug|Any CPU.ActiveCfg = Debug|Any CPU
		{B2C0BE04-3E90-483A-ADC3-262E976DA04E}.Debug|Any CPU.Build.0 = Debug|Any CPU
		{B2C0BE04-3E90-483A-ADC3-262E976DA04E}.Release|Any CPU.ActiveCfg = Release|Any CPU
		{B2C0BE04-3E90-483A-ADC3-262E976DA04E}.Release|Any CPU.Build.0 = Release|Any CPU
		{0A27853A-F6B4-476F-918B-558D44F15371}.Debug|Any CPU.ActiveCfg = Debug|Any CPU
		{0A27853A-F6B4-476F-918B-558D44F15371}.Debug|Any CPU.Build.0 = Debug|Any CPU
		{0A27853A-F6B4-476F-918B-558D44F15371}.Release|Any CPU.ActiveCfg = Release|Any CPU
		{0A27853A-F6B4-476F-918B-558D44F15371}.Release|Any CPU.Build.0 = Release|Any CPU
	EndGlobalSection
	GlobalSection(SolutionProperties) = preSolution
		HideSolutionNode = FALSE
	EndGlobalSection
	GlobalSection(ExtensibilityGlobals) = postSolution
		SolutionGuid = {A96BB20F-8A86-414C-8BEE-1C962B98822C}
	EndGlobalSection
EndGlobal
