
Microsoft Visual Studio Solution File, Format Version 12.00
# Visual Studio Version 17
VisualStudioVersion = 17.2.32630.192
MinimumVisualStudioVersion = 10.0.40219.1
Project("{FAE04EC0-301F-11D3-BF4B-00C04F79EFBC}") = "02_lesson", "02_lesson\02_lesson.csproj", "{D112A743-1E18-46F0-8377-7830F811D80B}"
EndProject
Global
	GlobalSection(SolutionConfigurationPlatforms) = preSolution
		Debug|Any CPU = Debug|Any CPU
		Release|Any CPU = Release|Any CPU
	EndGlobalSection
	GlobalSection(ProjectConfigurationPlatforms) = postSolution
		{D112A743-1E18-46F0-8377-7830F811D80B}.Debug|Any CPU.ActiveCfg = Debug|Any CPU
		{D112A743-1E18-46F0-8377-7830F811D80B}.Debug|Any CPU.Build.0 = Debug|Any CPU
		{D112A743-1E18-46F0-8377-7830F811D80B}.Release|Any CPU.ActiveCfg = Release|Any CPU
		{D112A743-1E18-46F0-8377-7830F811D80B}.Release|Any CPU.Build.0 = Release|Any CPU
	EndGlobalSection
	GlobalSection(SolutionProperties) = preSolution
		HideSolutionNode = FALSE
	EndGlobalSection
	GlobalSection(ExtensibilityGlobals) = postSolution
		SolutionGuid = {7063C52C-C437-4E6A-9D87-43D93870CC55}
	EndGlobalSection
EndGlobal
